// !$*UTF8*$!
{
	archiveVersion = 1;
	classes = {
	};
	objectVersion = 46;
	objects = {

/* Begin PBXBuildFile section */
		844117591AC7EF8F004662E6 /* ResetOnTapLabel.swift in Sources */ = {isa = PBXBuildFile; fileRef = 844117581AC7EF8F004662E6 /* ResetOnTapLabel.swift */; };
		8441175B1AC7FD2C004662E6 /* Resetable.swift in Sources */ = {isa = PBXBuildFile; fileRef = 8441175A1AC7FD2C004662E6 /* Resetable.swift */; };
		846290BA1AC74416005C212B /* AppDelegate.swift in Sources */ = {isa = PBXBuildFile; fileRef = 846290B91AC74416005C212B /* AppDelegate.swift */; };
		846290BC1AC74416005C212B /* ViewController.swift in Sources */ = {isa = PBXBuildFile; fileRef = 846290BB1AC74416005C212B /* ViewController.swift */; };
		846290BF1AC74416005C212B /* Main.storyboard in Resources */ = {isa = PBXBuildFile; fileRef = 846290BD1AC74416005C212B /* Main.storyboard */; };
		846290C11AC74416005C212B /* Images.xcassets in Resources */ = {isa = PBXBuildFile; fileRef = 846290C01AC74416005C212B /* Images.xcassets */; };
		846290D01AC74416005C212B /* Assignment_1Tests.swift in Sources */ = {isa = PBXBuildFile; fileRef = 846290CF1AC74416005C212B /* Assignment_1Tests.swift */; };
/* End PBXBuildFile section */

/* Begin PBXContainerItemProxy section */
		846290CA1AC74416005C212B /* PBXContainerItemProxy */ = {
			isa = PBXContainerItemProxy;
			containerPortal = 846290AC1AC74416005C212B /* Project object */;
			proxyType = 1;
			remoteGlobalIDString = 846290B31AC74416005C212B;
			remoteInfo = "Assignment-1";
		};
/* End PBXContainerItemProxy section */

/* Begin PBXFileReference section */
		844117581AC7EF8F004662E6 /* ResetOnTapLabel.swift */ = {isa = PBXFileReference; fileEncoding = 4; lastKnownFileType = sourcecode.swift; path = ResetOnTapLabel.swift; sourceTree = "<group>"; };
		8441175A1AC7FD2C004662E6 /* Resetable.swift */ = {isa = PBXFileReference; fileEncoding = 4; lastKnownFileType = sourcecode.swift; path = Resetable.swift; sourceTree = "<group>"; };
		846290B41AC74416005C212B /* Assignment-1.app */ = {isa = PBXFileReference; explicitFileType = wrapper.application; includeInIndex = 0; path = "Assignment-1.app"; sourceTree = BUILT_PRODUCTS_DIR; };
		846290B81AC74416005C212B /* Info.plist */ = {isa = PBXFileReference; lastKnownFileType = text.plist.xml; path = Info.plist; sourceTree = "<group>"; };
		846290B91AC74416005C212B /* AppDelegate.swift */ = {isa = PBXFileReference; lastKnownFileType = sourcecode.swift; path = AppDelegate.swift; sourceTree = "<group>"; };
		846290BB1AC74416005C212B /* ViewController.swift */ = {isa = PBXFileReference; lastKnownFileType = sourcecode.swift; path = ViewController.swift; sourceTree = "<group>"; };
		846290BE1AC74416005C212B /* Base */ = {isa = PBXFileReference; lastKnownFileType = file.storyboard; name = Base; path = Base.lproj/Main.storyboard; sourceTree = "<group>"; };
		846290C01AC74416005C212B /* Images.xcassets */ = {isa = PBXFileReference; lastKnownFileType = folder.assetcatalog; path = Images.xcassets; sourceTree = "<group>"; };
		846290C91AC74416005C212B /* Assignment-1Tests.xctest */ = {isa = PBXFileReference; explicitFileType = wrapper.cfbundle; includeInIndex = 0; path = "Assignment-1Tests.xctest"; sourceTree = BUILT_PRODUCTS_DIR; };
		846290CE1AC74416005C212B /* Info.plist */ = {isa = PBXFileReference; lastKnownFileType = text.plist.xml; path = Info.plist; sourceTree = "<group>"; };
		846290CF1AC74416005C212B /* Assignment_1Tests.swift */ = {isa = PBXFileReference; lastKnownFileType = sourcecode.swift; path = Assignment_1Tests.swift; sourceTree = "<group>"; };
/* End PBXFileReference section */

/* Begin PBXFrameworksBuildPhase section */
		846290B11AC74416005C212B /* Frameworks */ = {
			isa = PBXFrameworksBuildPhase;
			buildActionMask = 2147483647;
			files = (
			);
			runOnlyForDeploymentPostprocessing = 0;
		};
		846290C61AC74416005C212B /* Frameworks */ = {
			isa = PBXFrameworksBuildPhase;
			buildActionMask = 2147483647;
			files = (
			);
			runOnlyForDeploymentPostprocessing = 0;
		};
/* End PBXFrameworksBuildPhase section */

/* Begin PBXGroup section */
		846290AB1AC74416005C212B = {
			isa = PBXGroup;
			children = (
				846290B61AC74416005C212B /* Assignment-1 */,
				846290CC1AC74416005C212B /* Assignment-1Tests */,
				846290B51AC74416005C212B /* Products */,
			);
			sourceTree = "<group>";
		};
		846290B51AC74416005C212B /* Products */ = {
			isa = PBXGroup;
			children = (
				846290B41AC74416005C212B /* Assignment-1.app */,
				846290C91AC74416005C212B /* Assignment-1Tests.xctest */,
			);
			name = Products;
			sourceTree = "<group>";
		};
		846290B61AC74416005C212B /* Assignment-1 */ = {
			isa = PBXGroup;
			children = (
				846290BB1AC74416005C212B /* ViewController.swift */,
				846290BD1AC74416005C212B /* Main.storyboard */,
				846290B71AC74416005C212B /* Supporting Files */,
				844117581AC7EF8F004662E6 /* ResetOnTapLabel.swift */,
				8441175A1AC7FD2C004662E6 /* Resetable.swift */,
			);
			path = "Assignment-1";
			sourceTree = "<group>";
		};
		846290B71AC74416005C212B /* Supporting Files */ = {
			isa = PBXGroup;
			children = (
				846290C01AC74416005C212B /* Images.xcassets */,
				846290B91AC74416005C212B /* AppDelegate.swift */,
				846290B81AC74416005C212B /* Info.plist */,
			);
			name = "Supporting Files";
			sourceTree = "<group>";
		};
		846290CC1AC74416005C212B /* Assignment-1Tests */ = {
			isa = PBXGroup;
			children = (
				846290CF1AC74416005C212B /* Assignment_1Tests.swift */,
				846290CD1AC74416005C212B /* Supporting Files */,
			);
			path = "Assignment-1Tests";
			sourceTree = "<group>";
		};
		846290CD1AC74416005C212B /* Supporting Files */ = {
			isa = PBXGroup;
			children = (
				846290CE1AC74416005C212B /* Info.plist */,
			);
			name = "Supporting Files";
			sourceTree = "<group>";
		};
/* End PBXGroup section */

/* Begin PBXNativeTarget section */
		846290B31AC74416005C212B /* Assignment-1 */ = {
			isa = PBXNativeTarget;
			buildConfigurationList = 846290D31AC74416005C212B /* Build configuration list for PBXNativeTarget "Assignment-1" */;
			buildPhases = (
				846290B01AC74416005C212B /* Sources */,
				846290B11AC74416005C212B /* Frameworks */,
				846290B21AC74416005C212B /* Resources */,
			);
			buildRules = (
			);
			dependencies = (
			);
			name = "Assignment-1";
			productName = "Assignment-1";
			productReference = 846290B41AC74416005C212B /* Assignment-1.app */;
			productType = "com.apple.product-type.application";
		};
		846290C81AC74416005C212B /* Assignment-1Tests */ = {
			isa = PBXNativeTarget;
			buildConfigurationList = 846290D61AC74416005C212B /* Build configuration list for PBXNativeTarget "Assignment-1Tests" */;
			buildPhases = (
				846290C51AC74416005C212B /* Sources */,
				846290C61AC74416005C212B /* Frameworks */,
				846290C71AC74416005C212B /* Resources */,
			);
			buildRules = (
			);
			dependencies = (
				846290CB1AC74416005C212B /* PBXTargetDependency */,
			);
			name = "Assignment-1Tests";
			productName = "Assignment-1Tests";
			productReference = 846290C91AC74416005C212B /* Assignment-1Tests.xctest */;
			productType = "com.apple.product-type.bundle.unit-test";
		};
/* End PBXNativeTarget section */

/* Begin PBXProject section */
		846290AC1AC74416005C212B /* Project object */ = {
			isa = PBXProject;
			attributes = {
				LastUpgradeCheck = 0620;
				ORGANIZATIONNAME = mihaeu;
				TargetAttributes = {
					846290B31AC74416005C212B = {
						CreatedOnToolsVersion = 6.2;
					};
					846290C81AC74416005C212B = {
						CreatedOnToolsVersion = 6.2;
						TestTargetID = 846290B31AC74416005C212B;
					};
				};
			};
			buildConfigurationList = 846290AF1AC74416005C212B /* Build configuration list for PBXProject "Assignment-1" */;
			compatibilityVersion = "Xcode 3.2";
			developmentRegion = English;
			hasScannedForEncodings = 0;
			knownRegions = (
				en,
				Base,
			);
			mainGroup = 846290AB1AC74416005C212B;
			productRefGroup = 846290B51AC74416005C212B /* Products */;
			projectDirPath = "";
			projectRoot = "";
			targets = (
				846290B31AC74416005C212B /* Assignment-1 */,
				846290C81AC74416005C212B /* Assignment-1Tests */,
			);
		};
/* End PBXProject section */

/* Begin PBXResourcesBuildPhase section */
		846290B21AC74416005C212B /* Resources */ = {
			isa = PBXResourcesBuildPhase;
			buildActionMask = 2147483647;
			files = (
				846290BF1AC74416005C212B /* Main.storyboard in Resources */,
				846290C11AC74416005C212B /* Images.xcassets in Resources */,
			);
			runOnlyForDeploymentPostprocessing = 0;
		};
		846290C71AC74416005C212B /* Resources */ = {
			isa = PBXResourcesBuildPhase;
			buildActionMask = 2147483647;
			files = (
			);
			runOnlyForDeploymentPostprocessing = 0;
		};
/* End PBXResourcesBuildPhase section */

/* Begin PBXSourcesBuildPhase section */
		846290B01AC74416005C212B /* Sources */ = {
			isa = PBXSourcesBuildPhase;
			buildActionMask = 2147483647;
			files = (
				844117591AC7EF8F004662E6 /* ResetOnTapLabel.swift in Sources */,
				8441175B1AC7FD2C004662E6 /* Resetable.swift in Sources */,
				846290BC1AC74416005C212B /* ViewController.swift in Sources */,
				846290BA1AC74416005C212B /* AppDelegate.swift in Sources */,
			);
			runOnlyForDeploymentPostprocessing = 0;
		};
		846290C51AC74416005C212B /* Sources */ = {
			isa = PBXSourcesBuildPhase;
			buildActionMask = 2147483647;
			files = (
				846290D01AC74416005C212B /* Assignment_1Tests.swift in Sources */,
			);
			runOnlyForDeploymentPostprocessing = 0;
		};
/* End PBXSourcesBuildPhase section */

/* Begin PBXTargetDependency section */
		846290CB1AC74416005C212B /* PBXTargetDependency */ = {
			isa = PBXTargetDependency;
			target = 846290B31AC74416005C212B /* Assignment-1 */;
			targetProxy = 846290CA1AC74416005C212B /* PBXContainerItemProxy */;
		};
/* End PBXTargetDependency section */

/* Begin PBXVariantGroup section */
		846290BD1AC74416005C212B /* Main.storyboard */ = {
			isa = PBXVariantGroup;
			children = (
				846290BE1AC74416005C212B /* Base */,
			);
			name = Main.storyboard;
			sourceTree = "<group>";
		};
/* End PBXVariantGroup section */

/* Begin XCBuildConfiguration section */
		846290D11AC74416005C212B /* Debug */ = {
			isa = XCBuildConfiguration;
			buildSettings = {
				ALWAYS_SEARCH_USER_PATHS = NO;
				CLANG_CXX_LANGUAGE_STANDARD = "gnu++0x";
				CLANG_CXX_LIBRARY = "libc++";
				CLANG_ENABLE_MODULES = YES;
				CLANG_ENABLE_OBJC_ARC = YES;
				CLANG_WARN_BOOL_CONVERSION = YES;
				CLANG_WARN_CONSTANT_CONVERSION = YES;
				CLANG_WARN_DIRECT_OBJC_ISA_USAGE = YES_ERROR;
				CLANG_WARN_EMPTY_BODY = YES;
				CLANG_WARN_ENUM_CONVERSION = YES;
				CLANG_WARN_INT_CONVERSION = YES;
				CLANG_WARN_OBJC_ROOT_CLASS = YES_ERROR;
				CLANG_WARN_UNREACHABLE_CODE = YES;
				CLANG_WARN__DUPLICATE_METHOD_MATCH = YES;
				"CODE_SIGN_IDENTITY[sdk=iphoneos*]" = "iPhone Developer";
				COPY_PHASE_STRIP = NO;
				ENABLE_STRICT_OBJC_MSGSEND = YES;
				GCC_C_LANGUAGE_STANDARD = gnu99;
				GCC_DYNAMIC_NO_PIC = NO;
				GCC_OPTIMIZATION_LEVEL = 0;
				GCC_PREPROCESSOR_DEFINITIONS = (
					"DEBUG=1",
					"$(inherited)",
				);
				GCC_SYMBOLS_PRIVATE_EXTERN = NO;
				GCC_WARN_64_TO_32_BIT_CONVERSION = YES;
				GCC_WARN_ABOUT_RETURN_TYPE = YES_ERROR;
				GCC_WARN_UNDECLARED_SELECTOR = YES;
				GCC_WARN_UNINITIALIZED_AUTOS = YES_AGGRESSIVE;
				GCC_WARN_UNUSED_FUNCTION = YES;
				GCC_WARN_UNUSED_VARIABLE = YES;
				IPHONEOS_DEPLOYMENT_TARGET = 8.2;
				MTL_ENABLE_DEBUG_INFO = YES;
				ONLY_ACTIVE_ARCH = YES;
				SDKROOT = iphoneos;
				SWIFT_OPTIMIZATION_LEVEL = "-Onone";
				TARGETED_DEVICE_FAMILY = "1,2";
			};
			name = Debug;
		};
		846290D21AC74416005C212B /* Release */ = {
			isa = XCBuildConfiguration;
			buildSettings = {
				ALWAYS_SEARCH_USER_PATHS = NO;
				CLANG_CXX_LANGUAGE_STANDARD = "gnu++0x";
				CLANG_CXX_LIBRARY = "libc++";
				CLANG_ENABLE_MODULES = YES;
				CLANG_ENABLE_OBJC_ARC = YES;
				CLANG_WARN_BOOL_CONVERSION = YES;
				CLANG_WARN_CONSTANT_CONVERSION = YES;
				CLANG_WARN_DIRECT_OBJC_ISA_USAGE = YES_ERROR;
				CLANG_WARN_EMPTY_BODY = YES;
				CLANG_WARN_ENUM_CONVERSION = YES;
				CLANG_WARN_INT_CONVERSION = YES;
				CLANG_WARN_OBJC_ROOT_CLASS = YES_ERROR;
				CLANG_WARN_UNREACHABLE_CODE = YES;
				CLANG_WARN__DUPLICATE_METHOD_MATCH = YES;
				"CODE_SIGN_IDENTITY[sdk=iphoneos*]" = "iPhone Developer";
				COPY_PHASE_STRIP = NO;
				ENABLE_NS_ASSERTIONS = NO;
				ENABLE_STRICT_OBJC_MSGSEND = YES;
				GCC_C_LANGUAGE_STANDARD = gnu99;
				GCC_WARN_64_TO_32_BIT_CONVERSION = YES;
				GCC_WARN_ABOUT_RETURN_TYPE = YES_ERROR;
				GCC_WARN_UNDECLARED_SELECTOR = YES;
				GCC_WARN_UNINITIALIZED_AUTOS = YES_AGGRESSIVE;
				GCC_WARN_UNUSED_FUNCTION = YES;
				GCC_WARN_UNUSED_VARIABLE = YES;
				IPHONEOS_DEPLOYMENT_TARGET = 8.2;
				MTL_ENABLE_DEBUG_INFO = NO;
				SDKROOT = iphoneos;
				TARGETED_DEVICE_FAMILY = "1,2";
				VALIDATE_PRODUCT = YES;
			};
			name = Release;
		};
		846290D41AC74416005C212B /* Debug */ = {
			isa = XCBuildConfiguration;
			buildSettings = {
				ASSETCATALOG_COMPILER_APPICON_NAME = AppIcon;
				INFOPLIST_FILE = "Assignment-1/Info.plist";
				LD_RUNPATH_SEARCH_PATHS = "$(inherited) @executable_path/Frameworks";
				PRODUCT_NAME = "$(TARGET_NAME)";
			};
			name = Debug;
		};
		846290D51AC74416005C212B /* Release */ = {
			isa = XCBuildConfiguration;
			buildSettings = {
				ASSETCATALOG_COMPILER_APPICON_NAME = AppIcon;
				INFOPLIST_FILE = "Assignment-1/Info.plist";
				LD_RUNPATH_SEARCH_PATHS = "$(inherited) @executable_path/Frameworks";
				PRODUCT_NAME = "$(TARGET_NAME)";
			};
			name = Release;
		};
		846290D71AC74416005C212B /* Debug */ = {
			isa = XCBuildConfiguration;
			buildSettings = {
				BUNDLE_LOADER = "$(TEST_HOST)";
				FRAMEWORK_SEARCH_PATHS = (
					"$(SDKROOT)/Developer/Library/Frameworks",
					"$(inherited)",
				);
				GCC_PREPROCESSOR_DEFINITIONS = (
					"DEBUG=1",
					"$(inherited)",
				);
				INFOPLIST_FILE = "Assignment-1Tests/Info.plist";
				LD_RUNPATH_SEARCH_PATHS = "$(inherited) @executable_path/Frameworks @loader_path/Frameworks";
				PRODUCT_NAME = "$(TARGET_NAME)";
				TEST_HOST = "$(BUILT_PRODUCTS_DIR)/Assignment-1.app/Assignment-1";
			};
			name = Debug;
		};
		846290D81AC74416005C212B /* Release */ = {
			isa = XCBuildConfiguration;
			buildSettings = {
				BUNDLE_LOADER = "$(TEST_HOST)";
				FRAMEWORK_SEARCH_PATHS = (
					"$(SDKROOT)/Developer/Library/Frameworks",
					"$(inherited)",
				);
				INFOPLIST_FILE = "Assignment-1Tests/Info.plist";
				LD_RUNPATH_SEARCH_PATHS = "$(inherited) @executable_path/Frameworks @loader_path/Frameworks";
				PRODUCT_NAME = "$(TARGET_NAME)";
				TEST_HOST = "$(BUILT_PRODUCTS_DIR)/Assignment-1.app/Assignment-1";
			};
			name = Release;
		};
/* End XCBuildConfiguration section */

/* Begin XCConfigurationList section */
		846290AF1AC74416005C212B /* Build configuration list for PBXProject "Assignment-1" */ = {
			isa = XCConfigurationList;
			buildConfigurations = (
				846290D11AC74416005C212B /* Debug */,
				846290D21AC74416005C212B /* Release */,
			);
			defaultConfigurationIsVisible = 0;
			defaultConfigurationName = Release;
		};
		846290D31AC74416005C212B /* Build configuration list for PBXNativeTarget "Assignment-1" */ = {
			isa = XCConfigurationList;
			buildConfigurations = (
				846290D41AC74416005C212B /* Debug */,
				846290D51AC74416005C212B /* Release */,
			);
			defaultConfigurationIsVisible = 0;
			defaultConfigurationName = Release;
		};
		846290D61AC74416005C212B /* Build configuration list for PBXNativeTarget "Assignment-1Tests" */ = {
			isa = XCConfigurationList;
			buildConfigurations = (
				846290D71AC74416005C212B /* Debug */,
				846290D81AC74416005C212B /* Release */,
			);
			defaultConfigurationIsVisible = 0;
			defaultConfigurationName = Release;
		};
/* End XCConfigurationList section */
	};
	rootObject = 846290AC1AC74416005C212B /* Project object */;
}
